
Microsoft Visual Studio Solution File, Format Version 12.00
# Visual Studio Version 17
VisualStudioVersion = 17.2.32602.215
MinimumVisualStudioVersion = 10.0.40219.1
Project("{FAE04EC0-301F-11D3-BF4B-00C04F79EFBC}") = "ReflectionMoodAnalyser", "ReflectionMoodAnalyser\ReflectionMoodAnalyser.csproj", "{A551B57F-05E3-425C-857E-0873C350A33A}"
EndProject
Global
	GlobalSection(SolutionConfigurationPlatforms) = preSolution
		Debug|Any CPU = Debug|Any CPU
		Release|Any CPU = Release|Any CPU
	EndGlobalSection
	GlobalSection(ProjectConfigurationPlatforms) = postSolution
		{A551B57F-05E3-425C-857E-0873C350A33A}.Debug|Any CPU.ActiveCfg = Debug|Any CPU
		{A551B57F-05E3-425C-857E-0873C350A33A}.Debug|Any CPU.Build.0 = Debug|Any CPU
		{A551B57F-05E3-425C-857E-0873C350A33A}.Release|Any CPU.ActiveCfg = Release|Any CPU
		{A551B57F-05E3-425C-857E-0873C350A33A}.Release|Any CPU.Build.0 = Release|Any CPU
	EndGlobalSection
	GlobalSection(SolutionProperties) = preSolution
		HideSolutionNode = FALSE
	EndGlobalSection
	GlobalSection(ExtensibilityGlobals) = postSolution
		SolutionGuid = {6B9AEF8E-E1D4-46A4-BA9E-1A7CF1BC973F}
	EndGlobalSection
EndGlobal
